
Microsoft Visual Studio Solution File, Format Version 11.00
# Visual Studio 2010
Project("{FAE04EC0-301F-11D3-BF4B-00C04F79EFBC}") = "GitFirst", "GitFirst\GitFirst.csproj", "{346335D4-7D30-41EA-B403-F3CEBB1BE470}"
EndProject
Global
	GlobalSection(SolutionConfigurationPlatforms) = preSolution
		Debug|x86 = Debug|x86
		Release|x86 = Release|x86
	EndGlobalSection
	GlobalSection(ProjectConfigurationPlatforms) = postSolution
		{346335D4-7D30-41EA-B403-F3CEBB1BE470}.Debug|x86.ActiveCfg = Debug|x86
		{346335D4-7D30-41EA-B403-F3CEBB1BE470}.Debug|x86.Build.0 = Debug|x86
		{346335D4-7D30-41EA-B403-F3CEBB1BE470}.Release|x86.ActiveCfg = Release|x86
		{346335D4-7D30-41EA-B403-F3CEBB1BE470}.Release|x86.Build.0 = Release|x86
	EndGlobalSection
	GlobalSection(SolutionProperties) = preSolution
		HideSolutionNode = FALSE
	EndGlobalSection
EndGlobal
